// !$*UTF8*$!
{
	archiveVersion = 1;
	classes = {
	};
	objectVersion = 48;
	objects = {

/* Begin PBXBuildFile section */
		86B0AEBE1F59F6530049C510 /* AppDelegate.swift in Sources */ = {isa = PBXBuildFile; fileRef = 86B0AEBD1F59F6530049C510 /* AppDelegate.swift */; };
		86B0AEC01F59F6530049C510 /* art.scnassets in Resources */ = {isa = PBXBuildFile; fileRef = 86B0AEBF1F59F6530049C510 /* art.scnassets */; };
		86B0AEC51F59F6530049C510 /* Main.storyboard in Resources */ = {isa = PBXBuildFile; fileRef = 86B0AEC31F59F6530049C510 /* Main.storyboard */; };
		86B0AEC71F59F6530049C510 /* Assets.xcassets in Resources */ = {isa = PBXBuildFile; fileRef = 86B0AEC61F59F6530049C510 /* Assets.xcassets */; };
		86B0AECA1F59F6530049C510 /* LaunchScreen.storyboard in Resources */ = {isa = PBXBuildFile; fileRef = 86B0AEC81F59F6530049C510 /* LaunchScreen.storyboard */; };
		90447D501F62D37300905BEC /* Field.swift in Sources */ = {isa = PBXBuildFile; fileRef = 90447D4F1F62D37300905BEC /* Field.swift */; };
		90447D551F62D5D100905BEC /* BodyType.swift in Sources */ = {isa = PBXBuildFile; fileRef = 90447D541F62D5D100905BEC /* BodyType.swift */; };
		905983D11F618C850064655C /* GameController.swift in Sources */ = {isa = PBXBuildFile; fileRef = 905983D01F618C850064655C /* GameController.swift */; };
/* End PBXBuildFile section */

/* Begin PBXFileReference section */
		86B0AEBA1F59F6530049C510 /* ARFobal-RS.app */ = {isa = PBXFileReference; explicitFileType = wrapper.application; includeInIndex = 0; path = "ARFobal-RS.app"; sourceTree = BUILT_PRODUCTS_DIR; };
		86B0AEBD1F59F6530049C510 /* AppDelegate.swift */ = {isa = PBXFileReference; lastKnownFileType = sourcecode.swift; path = AppDelegate.swift; sourceTree = "<group>"; };
		86B0AEBF1F59F6530049C510 /* art.scnassets */ = {isa = PBXFileReference; lastKnownFileType = wrapper.scnassets; path = art.scnassets; sourceTree = "<group>"; };
		86B0AEC41F59F6530049C510 /* Base */ = {isa = PBXFileReference; lastKnownFileType = file.storyboard; name = Base; path = Base.lproj/Main.storyboard; sourceTree = "<group>"; };
		86B0AEC61F59F6530049C510 /* Assets.xcassets */ = {isa = PBXFileReference; lastKnownFileType = folder.assetcatalog; path = Assets.xcassets; sourceTree = "<group>"; };
		86B0AEC91F59F6530049C510 /* Base */ = {isa = PBXFileReference; lastKnownFileType = file.storyboard; name = Base; path = Base.lproj/LaunchScreen.storyboard; sourceTree = "<group>"; };
		86B0AECB1F59F6530049C510 /* Info.plist */ = {isa = PBXFileReference; lastKnownFileType = text.plist.xml; path = Info.plist; sourceTree = "<group>"; };
		90447D4F1F62D37300905BEC /* Field.swift */ = {isa = PBXFileReference; lastKnownFileType = sourcecode.swift; path = Field.swift; sourceTree = "<group>"; };
		90447D541F62D5D100905BEC /* BodyType.swift */ = {isa = PBXFileReference; lastKnownFileType = sourcecode.swift; path = BodyType.swift; sourceTree = "<group>"; };
		905983D01F618C850064655C /* GameController.swift */ = {isa = PBXFileReference; lastKnownFileType = sourcecode.swift; path = GameController.swift; sourceTree = "<group>"; };
/* End PBXFileReference section */

/* Begin PBXFrameworksBuildPhase section */
		86B0AEB71F59F6530049C510 /* Frameworks */ = {
			isa = PBXFrameworksBuildPhase;
			buildActionMask = 2147483647;
			files = (
			);
			runOnlyForDeploymentPostprocessing = 0;
		};
/* End PBXFrameworksBuildPhase section */

/* Begin PBXGroup section */
		86B0AEB11F59F6530049C510 = {
			isa = PBXGroup;
			children = (
				86B0AEBC1F59F6530049C510 /* ARFobal-RS */,
				86B0AEBB1F59F6530049C510 /* Products */,
			);
			sourceTree = "<group>";
		};
		86B0AEBB1F59F6530049C510 /* Products */ = {
			isa = PBXGroup;
			children = (
				86B0AEBA1F59F6530049C510 /* ARFobal-RS.app */,
			);
			name = Products;
			sourceTree = "<group>";
		};
		86B0AEBC1F59F6530049C510 /* ARFobal-RS */ = {
			isa = PBXGroup;
			children = (
				90447D511F62D58E00905BEC /* Utils */,
				90447D4E1F62D36000905BEC /* Nodes */,
				905983CE1F618B8C0064655C /* Controllers */,
				86B0AEBD1F59F6530049C510 /* AppDelegate.swift */,
				86B0AEBF1F59F6530049C510 /* art.scnassets */,
				86B0AEC31F59F6530049C510 /* Main.storyboard */,
				86B0AEC61F59F6530049C510 /* Assets.xcassets */,
				86B0AEC81F59F6530049C510 /* LaunchScreen.storyboard */,
				86B0AECB1F59F6530049C510 /* Info.plist */,
			);
			path = "ARFobal-RS";
			sourceTree = "<group>";
		};
		90447D4E1F62D36000905BEC /* Nodes */ = {
			isa = PBXGroup;
			children = (
				90447D4F1F62D37300905BEC /* Field.swift */,
			);
			path = Nodes;
			sourceTree = "<group>";
		};
		90447D511F62D58E00905BEC /* Utils */ = {
			isa = PBXGroup;
			children = (
				90447D541F62D5D100905BEC /* BodyType.swift */,
			);
			path = Utils;
			sourceTree = "<group>";
		};
		905983CE1F618B8C0064655C /* Controllers */ = {
			isa = PBXGroup;
			children = (
				905983D01F618C850064655C /* GameController.swift */,
			);
			path = Controllers;
			sourceTree = "<group>";
		};
/* End PBXGroup section */

/* Begin PBXNativeTarget section */
		86B0AEB91F59F6530049C510 /* ARFobal-RS */ = {
			isa = PBXNativeTarget;
			buildConfigurationList = 86B0AECE1F59F6530049C510 /* Build configuration list for PBXNativeTarget "ARFobal-RS" */;
			buildPhases = (
				86B0AEB61F59F6530049C510 /* Sources */,
				86B0AEB71F59F6530049C510 /* Frameworks */,
				86B0AEB81F59F6530049C510 /* Resources */,
				905AE6EE1F5D8207004051F0 /* Swiftlint */,
			);
			buildRules = (
			);
			dependencies = (
			);
			name = "ARFobal-RS";
			productName = "ARFobal-RS";
			productReference = 86B0AEBA1F59F6530049C510 /* ARFobal-RS.app */;
			productType = "com.apple.product-type.application";
		};
/* End PBXNativeTarget section */

/* Begin PBXProject section */
		86B0AEB21F59F6530049C510 /* Project object */ = {
			isa = PBXProject;
			attributes = {
				LastSwiftUpdateCheck = 0900;
				LastUpgradeCheck = 0900;
				ORGANIZATIONNAME = Rootstrap;
				TargetAttributes = {
					86B0AEB91F59F6530049C510 = {
						CreatedOnToolsVersion = 9.0;
						ProvisioningStyle = Automatic;
					};
				};
			};
			buildConfigurationList = 86B0AEB51F59F6530049C510 /* Build configuration list for PBXProject "ARFobal-RS" */;
			compatibilityVersion = "Xcode 8.0";
			developmentRegion = en;
			hasScannedForEncodings = 0;
			knownRegions = (
				en,
				Base,
			);
			mainGroup = 86B0AEB11F59F6530049C510;
			productRefGroup = 86B0AEBB1F59F6530049C510 /* Products */;
			projectDirPath = "";
			projectRoot = "";
			targets = (
				86B0AEB91F59F6530049C510 /* ARFobal-RS */,
			);
		};
/* End PBXProject section */

/* Begin PBXResourcesBuildPhase section */
		86B0AEB81F59F6530049C510 /* Resources */ = {
			isa = PBXResourcesBuildPhase;
			buildActionMask = 2147483647;
			files = (
				86B0AEC01F59F6530049C510 /* art.scnassets in Resources */,
				86B0AECA1F59F6530049C510 /* LaunchScreen.storyboard in Resources */,
				86B0AEC71F59F6530049C510 /* Assets.xcassets in Resources */,
				86B0AEC51F59F6530049C510 /* Main.storyboard in Resources */,
			);
			runOnlyForDeploymentPostprocessing = 0;
		};
/* End PBXResourcesBuildPhase section */

/* Begin PBXShellScriptBuildPhase section */
		905AE6EE1F5D8207004051F0 /* Swiftlint */ = {
			isa = PBXShellScriptBuildPhase;
			buildActionMask = 2147483647;
			files = (
			);
			inputPaths = (
			);
			name = Swiftlint;
			outputPaths = (
			);
			runOnlyForDeploymentPostprocessing = 0;
			shellPath = /bin/sh;
			shellScript = "if which swiftlint >/dev/null; then\nswiftlint\nelse\necho \"warning: SwiftLint not installed, download from https://github.com/realm/SwiftLint\"\nfi";
		};
/* End PBXShellScriptBuildPhase section */

/* Begin PBXSourcesBuildPhase section */
		86B0AEB61F59F6530049C510 /* Sources */ = {
			isa = PBXSourcesBuildPhase;
			buildActionMask = 2147483647;
			files = (
				905983D11F618C850064655C /* GameController.swift in Sources */,
				90447D551F62D5D100905BEC /* BodyType.swift in Sources */,
				86B0AEBE1F59F6530049C510 /* AppDelegate.swift in Sources */,
				90447D501F62D37300905BEC /* Field.swift in Sources */,
			);
			runOnlyForDeploymentPostprocessing = 0;
		};
/* End PBXSourcesBuildPhase section */

/* Begin PBXVariantGroup section */
		86B0AEC31F59F6530049C510 /* Main.storyboard */ = {
			isa = PBXVariantGroup;
			children = (
				86B0AEC41F59F6530049C510 /* Base */,
			);
			name = Main.storyboard;
			sourceTree = "<group>";
		};
		86B0AEC81F59F6530049C510 /* LaunchScreen.storyboard */ = {
			isa = PBXVariantGroup;
			children = (
				86B0AEC91F59F6530049C510 /* Base */,
			);
			name = LaunchScreen.storyboard;
			sourceTree = "<group>";
		};
/* End PBXVariantGroup section */

/* Begin XCBuildConfiguration section */
		86B0AECC1F59F6530049C510 /* Debug */ = {
			isa = XCBuildConfiguration;
			buildSettings = {
				ALWAYS_SEARCH_USER_PATHS = NO;
				CLANG_ANALYZER_NONNULL = YES;
				CLANG_ANALYZER_NUMBER_OBJECT_CONVERSION = YES_AGGRESSIVE;
				CLANG_CXX_LANGUAGE_STANDARD = "gnu++14";
				CLANG_CXX_LIBRARY = "libc++";
				CLANG_ENABLE_MODULES = YES;
				CLANG_ENABLE_OBJC_ARC = YES;
				CLANG_WARN_BLOCK_CAPTURE_AUTORELEASING = YES;
				CLANG_WARN_BOOL_CONVERSION = YES;
				CLANG_WARN_COMMA = YES;
				CLANG_WARN_CONSTANT_CONVERSION = YES;
				CLANG_WARN_DIRECT_OBJC_ISA_USAGE = YES_ERROR;
				CLANG_WARN_DOCUMENTATION_COMMENTS = YES;
				CLANG_WARN_EMPTY_BODY = YES;
				CLANG_WARN_ENUM_CONVERSION = YES;
				CLANG_WARN_INFINITE_RECURSION = YES;
				CLANG_WARN_INT_CONVERSION = YES;
				CLANG_WARN_NON_LITERAL_NULL_CONVERSION = YES;
				CLANG_WARN_OBJC_LITERAL_CONVERSION = YES;
				CLANG_WARN_OBJC_ROOT_CLASS = YES_ERROR;
				CLANG_WARN_RANGE_LOOP_ANALYSIS = YES;
				CLANG_WARN_STRICT_PROTOTYPES = YES;
				CLANG_WARN_SUSPICIOUS_MOVE = YES;
				CLANG_WARN_UNGUARDED_AVAILABILITY = YES_AGGRESSIVE;
				CLANG_WARN_UNREACHABLE_CODE = YES;
				CLANG_WARN__DUPLICATE_METHOD_MATCH = YES;
				CODE_SIGN_IDENTITY = "iPhone Developer";
				COPY_PHASE_STRIP = NO;
				DEBUG_INFORMATION_FORMAT = dwarf;
				ENABLE_STRICT_OBJC_MSGSEND = YES;
				ENABLE_TESTABILITY = YES;
				GCC_C_LANGUAGE_STANDARD = gnu11;
				GCC_DYNAMIC_NO_PIC = NO;
				GCC_NO_COMMON_BLOCKS = YES;
				GCC_OPTIMIZATION_LEVEL = 0;
				GCC_PREPROCESSOR_DEFINITIONS = (
					"DEBUG=1",
					"$(inherited)",
				);
				GCC_WARN_64_TO_32_BIT_CONVERSION = YES;
				GCC_WARN_ABOUT_RETURN_TYPE = YES_ERROR;
				GCC_WARN_UNDECLARED_SELECTOR = YES;
				GCC_WARN_UNINITIALIZED_AUTOS = YES_AGGRESSIVE;
				GCC_WARN_UNUSED_FUNCTION = YES;
				GCC_WARN_UNUSED_VARIABLE = YES;
				IPHONEOS_DEPLOYMENT_TARGET = 11.0;
				MTL_ENABLE_DEBUG_INFO = YES;
				ONLY_ACTIVE_ARCH = YES;
				SDKROOT = iphoneos;
				SWIFT_ACTIVE_COMPILATION_CONDITIONS = DEBUG;
				SWIFT_OPTIMIZATION_LEVEL = "-Onone";
			};
			name = Debug;
		};
		86B0AECD1F59F6530049C510 /* Release */ = {
			isa = XCBuildConfiguration;
			buildSettings = {
				ALWAYS_SEARCH_USER_PATHS = NO;
				CLANG_ANALYZER_NONNULL = YES;
				CLANG_ANALYZER_NUMBER_OBJECT_CONVERSION = YES_AGGRESSIVE;
				CLANG_CXX_LANGUAGE_STANDARD = "gnu++14";
				CLANG_CXX_LIBRARY = "libc++";
				CLANG_ENABLE_MODULES = YES;
				CLANG_ENABLE_OBJC_ARC = YES;
				CLANG_WARN_BLOCK_CAPTURE_AUTORELEASING = YES;
				CLANG_WARN_BOOL_CONVERSION = YES;
				CLANG_WARN_COMMA = YES;
				CLANG_WARN_CONSTANT_CONVERSION = YES;
				CLANG_WARN_DIRECT_OBJC_ISA_USAGE = YES_ERROR;
				CLANG_WARN_DOCUMENTATION_COMMENTS = YES;
				CLANG_WARN_EMPTY_BODY = YES;
				CLANG_WARN_ENUM_CONVERSION = YES;
				CLANG_WARN_INFINITE_RECURSION = YES;
				CLANG_WARN_INT_CONVERSION = YES;
				CLANG_WARN_NON_LITERAL_NULL_CONVERSION = YES;
				CLANG_WARN_OBJC_LITERAL_CONVERSION = YES;
				CLANG_WARN_OBJC_ROOT_CLASS = YES_ERROR;
				CLANG_WARN_RANGE_LOOP_ANALYSIS = YES;
				CLANG_WARN_STRICT_PROTOTYPES = YES;
				CLANG_WARN_SUSPICIOUS_MOVE = YES;
				CLANG_WARN_UNGUARDED_AVAILABILITY = YES_AGGRESSIVE;
				CLANG_WARN_UNREACHABLE_CODE = YES;
				CLANG_WARN__DUPLICATE_METHOD_MATCH = YES;
				CODE_SIGN_IDENTITY = "iPhone Developer";
				COPY_PHASE_STRIP = NO;
				DEBUG_INFORMATION_FORMAT = "dwarf-with-dsym";
				ENABLE_NS_ASSERTIONS = NO;
				ENABLE_STRICT_OBJC_MSGSEND = YES;
				GCC_C_LANGUAGE_STANDARD = gnu11;
				GCC_NO_COMMON_BLOCKS = YES;
				GCC_WARN_64_TO_32_BIT_CONVERSION = YES;
				GCC_WARN_ABOUT_RETURN_TYPE = YES_ERROR;
				GCC_WARN_UNDECLARED_SELECTOR = YES;
				GCC_WARN_UNINITIALIZED_AUTOS = YES_AGGRESSIVE;
				GCC_WARN_UNUSED_FUNCTION = YES;
				GCC_WARN_UNUSED_VARIABLE = YES;
				IPHONEOS_DEPLOYMENT_TARGET = 11.0;
				MTL_ENABLE_DEBUG_INFO = NO;
				SDKROOT = iphoneos;
				SWIFT_OPTIMIZATION_LEVEL = "-Owholemodule";
				VALIDATE_PRODUCT = YES;
			};
			name = Release;
		};
		86B0AECF1F59F6530049C510 /* Debug */ = {
			isa = XCBuildConfiguration;
			buildSettings = {
				ASSETCATALOG_COMPILER_APPICON_NAME = AppIcon;
				CODE_SIGN_STYLE = Automatic;
				DEVELOPMENT_TEAM = WNU857N39T;
				INFOPLIST_FILE = "ARFobal-RS/Info.plist";
				LD_RUNPATH_SEARCH_PATHS = "$(inherited) @executable_path/Frameworks";
				PRODUCT_BUNDLE_IDENTIFIER = "com.Rootstrap.ARFobal-RS";
				PRODUCT_NAME = "$(TARGET_NAME)";
				SWIFT_VERSION = 4.0;
				TARGETED_DEVICE_FAMILY = "1,2";
			};
			name = Debug;
		};
		86B0AED01F59F6530049C510 /* Release */ = {
			isa = XCBuildConfiguration;
			buildSettings = {
				ASSETCATALOG_COMPILER_APPICON_NAME = AppIcon;
				CODE_SIGN_STYLE = Automatic;
				DEVELOPMENT_TEAM = WNU857N39T;
				INFOPLIST_FILE = "ARFobal-RS/Info.plist";
				LD_RUNPATH_SEARCH_PATHS = "$(inherited) @executable_path/Frameworks";
				PRODUCT_BUNDLE_IDENTIFIER = "com.Rootstrap.ARFobal-RS";
				PRODUCT_NAME = "$(TARGET_NAME)";
				SWIFT_VERSION = 4.0;
				TARGETED_DEVICE_FAMILY = "1,2";
			};
			name = Release;
		};
/* End XCBuildConfiguration section */

/* Begin XCConfigurationList section */
		86B0AEB51F59F6530049C510 /* Build configuration list for PBXProject "ARFobal-RS" */ = {
			isa = XCConfigurationList;
			buildConfigurations = (
				86B0AECC1F59F6530049C510 /* Debug */,
				86B0AECD1F59F6530049C510 /* Release */,
			);
			defaultConfigurationIsVisible = 0;
			defaultConfigurationName = Release;
		};
		86B0AECE1F59F6530049C510 /* Build configuration list for PBXNativeTarget "ARFobal-RS" */ = {
			isa = XCConfigurationList;
			buildConfigurations = (
				86B0AECF1F59F6530049C510 /* Debug */,
				86B0AED01F59F6530049C510 /* Release */,
			);
			defaultConfigurationIsVisible = 0;
			defaultConfigurationName = Release;
		};
/* End XCConfigurationList section */
	};
	rootObject = 86B0AEB21F59F6530049C510 /* Project object */;
}
